
Microsoft Visual Studio Solution File, Format Version 10.00
# Visual Studio 2008
Project("{FAE04EC0-301F-11D3-BF4B-00C04F79EFBC}") = "CustomerPrint", "CustomerPrint\CustomerPrint.csproj", "{CE2B9F8A-9522-4AFE-8C52-F658C8A6217C}"
EndProject
Project("{FAE04EC0-301F-11D3-BF4B-00C04F79EFBC}") = "CustomerPrintClassLibrary", "..\CustomerPrintClassLibrary\CustomerPrintClassLibrary\CustomerPrintClassLibrary\CustomerPrintClassLibrary.csproj", "{686E830F-D195-44B5-B0C0-99F3FDE26A24}"
EndProject
Project("{FAE04EC0-301F-11D3-BF4B-00C04F79EFBC}") = "CustomerPrintControl", "..\CustomerPrintControl\CustomerPrintControl\CustomerPrintControl\CustomerPrintControl.csproj", "{6480EA8D-AF03-45D8-9650-2A5290D58B4E}"
EndProject
Project("{FAE04EC0-301F-11D3-BF4B-00C04F79EFBC}") = "TrackBarWithTextBox", "..\TrackBarWithTextBox\TrackBarWithTextBox.csproj", "{1629E2C5-282F-4503-A3E9-78358EA014A9}"
EndProject
Project("{FAE04EC0-301F-11D3-BF4B-00C04F79EFBC}") = "ColorSelector", "..\ColorSelector\ColorSelector\ColorSelector.csproj", "{7BE70082-BB37-4F99-8258-3AC4822C0F19}"
EndProject
Project("{FAE04EC0-301F-11D3-BF4B-00C04F79EFBC}") = "PositionControl", "..\PositionControl\PositionControl.csproj", "{00EBE879-AD19-460D-906E-EA7786C9BE06}"
EndProject
Project("{FAE04EC0-301F-11D3-BF4B-00C04F79EFBC}") = "TrueOrFalseSelectorControl", "..\TrueOrFalseSelectorControl\TrueOrFalseSelectorControl.csproj", "{589015AB-3ABC-468B-9CCB-B336FBA09179}"
EndProject
Global
	GlobalSection(SolutionConfigurationPlatforms) = preSolution
		Debug|Any CPU = Debug|Any CPU
		Release|Any CPU = Release|Any CPU
	EndGlobalSection
	GlobalSection(ProjectConfigurationPlatforms) = postSolution
		{CE2B9F8A-9522-4AFE-8C52-F658C8A6217C}.Debug|Any CPU.ActiveCfg = Debug|Any CPU
		{CE2B9F8A-9522-4AFE-8C52-F658C8A6217C}.Debug|Any CPU.Build.0 = Debug|Any CPU
		{CE2B9F8A-9522-4AFE-8C52-F658C8A6217C}.Release|Any CPU.ActiveCfg = Release|Any CPU
		{CE2B9F8A-9522-4AFE-8C52-F658C8A6217C}.Release|Any CPU.Build.0 = Release|Any CPU
		{686E830F-D195-44B5-B0C0-99F3FDE26A24}.Debug|Any CPU.ActiveCfg = Debug|Any CPU
		{686E830F-D195-44B5-B0C0-99F3FDE26A24}.Debug|Any CPU.Build.0 = Debug|Any CPU
		{686E830F-D195-44B5-B0C0-99F3FDE26A24}.Release|Any CPU.ActiveCfg = Release|Any CPU
		{686E830F-D195-44B5-B0C0-99F3FDE26A24}.Release|Any CPU.Build.0 = Release|Any CPU
		{6480EA8D-AF03-45D8-9650-2A5290D58B4E}.Debug|Any CPU.ActiveCfg = Debug|Any CPU
		{6480EA8D-AF03-45D8-9650-2A5290D58B4E}.Debug|Any CPU.Build.0 = Debug|Any CPU
		{6480EA8D-AF03-45D8-9650-2A5290D58B4E}.Release|Any CPU.ActiveCfg = Release|Any CPU
		{6480EA8D-AF03-45D8-9650-2A5290D58B4E}.Release|Any CPU.Build.0 = Release|Any CPU
		{1629E2C5-282F-4503-A3E9-78358EA014A9}.Debug|Any CPU.ActiveCfg = Debug|Any CPU
		{1629E2C5-282F-4503-A3E9-78358EA014A9}.Debug|Any CPU.Build.0 = Debug|Any CPU
		{1629E2C5-282F-4503-A3E9-78358EA014A9}.Release|Any CPU.ActiveCfg = Release|Any CPU
		{1629E2C5-282F-4503-A3E9-78358EA014A9}.Release|Any CPU.Build.0 = Release|Any CPU
		{7BE70082-BB37-4F99-8258-3AC4822C0F19}.Debug|Any CPU.ActiveCfg = Debug|Any CPU
		{7BE70082-BB37-4F99-8258-3AC4822C0F19}.Debug|Any CPU.Build.0 = Debug|Any CPU
		{7BE70082-BB37-4F99-8258-3AC4822C0F19}.Release|Any CPU.ActiveCfg = Release|Any CPU
		{7BE70082-BB37-4F99-8258-3AC4822C0F19}.Release|Any CPU.Build.0 = Release|Any CPU
		{00EBE879-AD19-460D-906E-EA7786C9BE06}.Debug|Any CPU.ActiveCfg = Debug|Any CPU
		{00EBE879-AD19-460D-906E-EA7786C9BE06}.Debug|Any CPU.Build.0 = Debug|Any CPU
		{00EBE879-AD19-460D-906E-EA7786C9BE06}.Release|Any CPU.ActiveCfg = Release|Any CPU
		{00EBE879-AD19-460D-906E-EA7786C9BE06}.Release|Any CPU.Build.0 = Release|Any CPU
		{589015AB-3ABC-468B-9CCB-B336FBA09179}.Debug|Any CPU.ActiveCfg = Debug|Any CPU
		{589015AB-3ABC-468B-9CCB-B336FBA09179}.Debug|Any CPU.Build.0 = Debug|Any CPU
		{589015AB-3ABC-468B-9CCB-B336FBA09179}.Release|Any CPU.ActiveCfg = Release|Any CPU
		{589015AB-3ABC-468B-9CCB-B336FBA09179}.Release|Any CPU.Build.0 = Release|Any CPU
	EndGlobalSection
	GlobalSection(SolutionProperties) = preSolution
		HideSolutionNode = FALSE
	EndGlobalSection
EndGlobal
