
Microsoft Visual Studio Solution File, Format Version 11.00
# Visual Studio 2010
Project("{FAE04EC0-301F-11D3-BF4B-00C04F79EFBC}") = "DateSelectControl", "DateSelectControl\DateSelectControl.csproj", "{BB15BD65-2B6B-4BDE-993D-646F4B04A570}"
EndProject
Project("{FAE04EC0-301F-11D3-BF4B-00C04F79EFBC}") = "TestDateSelectControl", "TestDateSelectControl\TestDateSelectControl.csproj", "{55E67446-E138-4039-8846-EBBA5BD9119F}"
EndProject
Global
	GlobalSection(SolutionConfigurationPlatforms) = preSolution
		Debug|Any CPU = Debug|Any CPU
		Release|Any CPU = Release|Any CPU
	EndGlobalSection
	GlobalSection(ProjectConfigurationPlatforms) = postSolution
		{BB15BD65-2B6B-4BDE-993D-646F4B04A570}.Debug|Any CPU.ActiveCfg = Debug|Any CPU
		{BB15BD65-2B6B-4BDE-993D-646F4B04A570}.Debug|Any CPU.Build.0 = Debug|Any CPU
		{BB15BD65-2B6B-4BDE-993D-646F4B04A570}.Release|Any CPU.ActiveCfg = Release|Any CPU
		{BB15BD65-2B6B-4BDE-993D-646F4B04A570}.Release|Any CPU.Build.0 = Release|Any CPU
		{55E67446-E138-4039-8846-EBBA5BD9119F}.Debug|Any CPU.ActiveCfg = Debug|Any CPU
		{55E67446-E138-4039-8846-EBBA5BD9119F}.Debug|Any CPU.Build.0 = Debug|Any CPU
		{55E67446-E138-4039-8846-EBBA5BD9119F}.Release|Any CPU.ActiveCfg = Release|Any CPU
		{55E67446-E138-4039-8846-EBBA5BD9119F}.Release|Any CPU.Build.0 = Release|Any CPU
	EndGlobalSection
	GlobalSection(SolutionProperties) = preSolution
		HideSolutionNode = FALSE
	EndGlobalSection
	GlobalSection(SubversionScc) = preSolution
		Svn-Managed = True
		Manager = AnkhSVN - Subversion Support for Visual Studio
	EndGlobalSection
EndGlobal
