
Microsoft Visual Studio Solution File, Format Version 11.00
# Visual Studio 2010
Project("{FAE04EC0-301F-11D3-BF4B-00C04F79EFBC}") = "ClassLibraryAbstractDataInformation", "ClassLibraryAbstractDataInformation.csproj", "{BDF48735-24A0-483A-8375-87A951A9D1D0}"
EndProject
Global
	GlobalSection(SolutionConfigurationPlatforms) = preSolution
		Debug|Any CPU = Debug|Any CPU
		Release|Any CPU = Release|Any CPU
	EndGlobalSection
	GlobalSection(ProjectConfigurationPlatforms) = postSolution
		{BDF48735-24A0-483A-8375-87A951A9D1D0}.Debug|Any CPU.ActiveCfg = Debug|Any CPU
		{BDF48735-24A0-483A-8375-87A951A9D1D0}.Debug|Any CPU.Build.0 = Debug|Any CPU
		{BDF48735-24A0-483A-8375-87A951A9D1D0}.Release|Any CPU.ActiveCfg = Release|Any CPU
		{BDF48735-24A0-483A-8375-87A951A9D1D0}.Release|Any CPU.Build.0 = Release|Any CPU
	EndGlobalSection
	GlobalSection(SolutionProperties) = preSolution
		HideSolutionNode = FALSE
	EndGlobalSection
EndGlobal
