
Microsoft Visual Studio Solution File, Format Version 11.00
# Visual Studio 2010
Project("{FAE04EC0-301F-11D3-BF4B-00C04F79EFBC}") = "ClassLibraryCostType", "ClassLibraryCostType\ClassLibraryCostType.csproj", "{BB73CF84-99C3-406A-90FD-793C30E033F1}"
EndProject
Global
	GlobalSection(SolutionConfigurationPlatforms) = preSolution
		Debug|Any CPU = Debug|Any CPU
		Release|Any CPU = Release|Any CPU
	EndGlobalSection
	GlobalSection(ProjectConfigurationPlatforms) = postSolution
		{BB73CF84-99C3-406A-90FD-793C30E033F1}.Debug|Any CPU.ActiveCfg = Debug|Any CPU
		{BB73CF84-99C3-406A-90FD-793C30E033F1}.Debug|Any CPU.Build.0 = Debug|Any CPU
		{BB73CF84-99C3-406A-90FD-793C30E033F1}.Release|Any CPU.ActiveCfg = Release|Any CPU
		{BB73CF84-99C3-406A-90FD-793C30E033F1}.Release|Any CPU.Build.0 = Release|Any CPU
	EndGlobalSection
	GlobalSection(SolutionProperties) = preSolution
		HideSolutionNode = FALSE
	EndGlobalSection
EndGlobal
