
Microsoft Visual Studio Solution File, Format Version 11.00
# Visual Studio 2010
Project("{FAE04EC0-301F-11D3-BF4B-00C04F79EFBC}") = "ClassLibrarySQLExecute", "ClassLibrarySQLExecute.csproj", "{1E1D265E-0451-42E5-873D-32EACDB72677}"
EndProject
Global
	GlobalSection(SolutionConfigurationPlatforms) = preSolution
		Debug|Any CPU = Debug|Any CPU
		Release|Any CPU = Release|Any CPU
	EndGlobalSection
	GlobalSection(ProjectConfigurationPlatforms) = postSolution
		{1E1D265E-0451-42E5-873D-32EACDB72677}.Debug|Any CPU.ActiveCfg = Debug|Any CPU
		{1E1D265E-0451-42E5-873D-32EACDB72677}.Debug|Any CPU.Build.0 = Debug|Any CPU
		{1E1D265E-0451-42E5-873D-32EACDB72677}.Release|Any CPU.ActiveCfg = Release|Any CPU
		{1E1D265E-0451-42E5-873D-32EACDB72677}.Release|Any CPU.Build.0 = Release|Any CPU
	EndGlobalSection
	GlobalSection(SolutionProperties) = preSolution
		HideSolutionNode = FALSE
	EndGlobalSection
EndGlobal
