
Microsoft Visual Studio Solution File, Format Version 10.00
# Visual Studio 2008
Project("{FAE04EC0-301F-11D3-BF4B-00C04F79EFBC}") = "Client", "Client.csproj", "{F5C69753-2F4E-4095-9DB3-FDC859201AAB}"
EndProject
Global
	GlobalSection(SolutionConfigurationPlatforms) = preSolution
		Debug|Any CPU = Debug|Any CPU
		Release|Any CPU = Release|Any CPU
	EndGlobalSection
	GlobalSection(ProjectConfigurationPlatforms) = postSolution
		{F5C69753-2F4E-4095-9DB3-FDC859201AAB}.Debug|Any CPU.ActiveCfg = Debug|Any CPU
		{F5C69753-2F4E-4095-9DB3-FDC859201AAB}.Debug|Any CPU.Build.0 = Debug|Any CPU
		{F5C69753-2F4E-4095-9DB3-FDC859201AAB}.Release|Any CPU.ActiveCfg = Release|Any CPU
		{F5C69753-2F4E-4095-9DB3-FDC859201AAB}.Release|Any CPU.Build.0 = Release|Any CPU
	EndGlobalSection
	GlobalSection(SolutionProperties) = preSolution
		HideSolutionNode = FALSE
	EndGlobalSection
EndGlobal
