
Microsoft Visual Studio Solution File, Format Version 11.00
# Visual Studio 2010
Project("{FAE04EC0-301F-11D3-BF4B-00C04F79EFBC}") = "ClassLibraryCostItemAdjustPrice", "ClassLibraryCostItemAdjustPrice\ClassLibraryCostItemAdjustPrice.csproj", "{0AB9A65F-7E4C-4FA9-B4C7-5A716F7A219B}"
EndProject
Global
	GlobalSection(SolutionConfigurationPlatforms) = preSolution
		Debug|Any CPU = Debug|Any CPU
		Release|Any CPU = Release|Any CPU
	EndGlobalSection
	GlobalSection(ProjectConfigurationPlatforms) = postSolution
		{0AB9A65F-7E4C-4FA9-B4C7-5A716F7A219B}.Debug|Any CPU.ActiveCfg = Debug|Any CPU
		{0AB9A65F-7E4C-4FA9-B4C7-5A716F7A219B}.Debug|Any CPU.Build.0 = Debug|Any CPU
		{0AB9A65F-7E4C-4FA9-B4C7-5A716F7A219B}.Release|Any CPU.ActiveCfg = Release|Any CPU
		{0AB9A65F-7E4C-4FA9-B4C7-5A716F7A219B}.Release|Any CPU.Build.0 = Release|Any CPU
	EndGlobalSection
	GlobalSection(SolutionProperties) = preSolution
		HideSolutionNode = FALSE
	EndGlobalSection
EndGlobal
